# @generated - this file is auto-generated by `mise lock` https://mise.en.dev/dev-tools/mise-lock.html

[[tools."pipx:isort"]]
version = "8.0.1"
backend = "pipx:isort"

[[tools."pipx:yapf"]]
version = "0.43.0"
backend = "pipx:yapf"

[[tools.python]]
version = "3.13.13"
backend = "core:python"

[[tools.upx]]
version = "5.1.1"
backend = "aqua:upx/upx"

[tools.upx."platforms.linux-arm64"]
checksum = "sha256:a307c2c821eeab47607ba5c232408b22ab884cca13884682508b98f7308b8443"
url = "https://github.com/upx/upx/releases/download/v5.1.1/upx-5.1.1-arm64_linux.tar.xz"

[tools.upx."platforms.linux-arm64-musl"]
checksum = "sha256:a307c2c821eeab47607ba5c232408b22ab884cca13884682508b98f7308b8443"
url = "https://github.com/upx/upx/releases/download/v5.1.1/upx-5.1.1-arm64_linux.tar.xz"

[tools.upx."platforms.linux-x64"]
checksum = "sha256:1ff660454227861e00772f743f66b900072116b9dc24f6ee28b97cce88a7828a"
url = "https://github.com/upx/upx/releases/download/v5.1.1/upx-5.1.1-amd64_linux.tar.xz"

[tools.upx."platforms.linux-x64-musl"]
checksum = "sha256:1ff660454227861e00772f743f66b900072116b9dc24f6ee28b97cce88a7828a"
url = "https://github.com/upx/upx/releases/download/v5.1.1/upx-5.1.1-amd64_linux.tar.xz"

[tools.upx."platforms.windows-x64"]
checksum = "sha256:fa5380bca4c2718547aaa0134bc0d8a7fa27e102f0ac6371573d60d1c21d64de"
url = "https://github.com/upx/upx/releases/download/v5.1.1/upx-5.1.1-win64.zip"

[[tools.uv]]
version = "0.11.16"
backend = "aqua:astral-sh/uv"

[tools.uv."platforms.linux-arm64"]
checksum = "sha256:ac022d96411143b9a2dd75ea711fa8dd4cd14538bf248f2e5df3c10a80f7f6a4"
url = "https://github.com/astral-sh/uv/releases/download/0.11.16/uv-aarch64-unknown-linux-musl.tar.gz"
provenance = "github-attestations"

[tools.uv."platforms.linux-arm64-musl"]
checksum = "sha256:ac022d96411143b9a2dd75ea711fa8dd4cd14538bf248f2e5df3c10a80f7f6a4"
url = "https://github.com/astral-sh/uv/releases/download/0.11.16/uv-aarch64-unknown-linux-musl.tar.gz"
provenance = "github-attestations"

[tools.uv."platforms.linux-x64"]
checksum = "sha256:1bc4be1be0a000f893b0d1db97906cf392b63fa22fda9a0ecf33d0d4bbb4bc9a"
url = "https://github.com/astral-sh/uv/releases/download/0.11.16/uv-x86_64-unknown-linux-musl.tar.gz"
provenance = "github-attestations"

[tools.uv."platforms.linux-x64-musl"]
checksum = "sha256:1bc4be1be0a000f893b0d1db97906cf392b63fa22fda9a0ecf33d0d4bbb4bc9a"
url = "https://github.com/astral-sh/uv/releases/download/0.11.16/uv-x86_64-unknown-linux-musl.tar.gz"
provenance = "github-attestations"

[tools.uv."platforms.macos-arm64"]
checksum = "sha256:2b25be1af546be330b340b0a76b99f989daa6d92678fdffb87438e661e9d88fb"
url = "https://github.com/astral-sh/uv/releases/download/0.11.16/uv-aarch64-apple-darwin.tar.gz"
provenance = "github-attestations"

[tools.uv."platforms.macos-x64"]
checksum = "sha256:6b91ae3de155f51bd1f5b74814821c79f016a176561f252cd9ddfb976939af2e"
url = "https://github.com/astral-sh/uv/releases/download/0.11.16/uv-x86_64-apple-darwin.tar.gz"
provenance = "github-attestations"

[tools.uv."platforms.windows-x64"]
checksum = "sha256:dd9d6d6554bfab265bfa98aa8e8a406c5c3a7b97582f93de1f4d48d9154a0395"
url = "https://github.com/astral-sh/uv/releases/download/0.11.16/uv-x86_64-pc-windows-msvc.zip"
provenance = "github-attestations"
