# @generated - this file is auto-generated by `mise lock` https://mise.en.dev/dev-tools/mise-lock.html

[[tools."pipx:isort"]]
version = "8.0.1"
backend = "pipx:isort"

[[tools."pipx:yapf"]]
version = "0.43.0"
backend = "pipx:yapf"

[[tools.python]]
version = "3.13.14"
backend = "core:python"

[tools.python."platforms.linux-arm64"]
checksum = "sha256:6f45030255928d210fe2963a769c53b9f99827779557d117d2b97332ad06f943"
url = "https://github.com/astral-sh/python-build-standalone/releases/download/20260610/cpython-3.13.14+20260610-aarch64-unknown-linux-gnu-install_only_stripped.tar.gz"
provenance = "github-attestations"

[tools.python."platforms.linux-arm64-musl"]
checksum = "sha256:c488b2c947798cf130619f7cd64eaeb63476981252ba76939f733ddf47d38354"
url = "https://github.com/astral-sh/python-build-standalone/releases/download/20260610/cpython-3.13.14+20260610-aarch64-unknown-linux-musl-install_only_stripped.tar.gz"
provenance = "github-attestations"

[tools.python."platforms.linux-x64"]
checksum = "sha256:d607e18e83227a0527cf3f54a48be973a75358a6885e4be67d4b0359b6f1c880"
url = "https://github.com/astral-sh/python-build-standalone/releases/download/20260610/cpython-3.13.14+20260610-x86_64-unknown-linux-gnu-install_only_stripped.tar.gz"
provenance = "github-attestations"

[tools.python."platforms.linux-x64-musl"]
checksum = "sha256:b4e1e97ae7e6144a3b4d13ad53eb8a3a46f2de1abdd6d6868be2bfa8b0e675da"
url = "https://github.com/astral-sh/python-build-standalone/releases/download/20260610/cpython-3.13.14+20260610-x86_64-unknown-linux-musl-install_only_stripped.tar.gz"
provenance = "github-attestations"

[tools.python."platforms.macos-arm64"]
checksum = "sha256:79daa8e9dea1e64ad50aebb05a807289023a474c2020b72361eb44d67fa2401e"
url = "https://github.com/astral-sh/python-build-standalone/releases/download/20260610/cpython-3.13.14+20260610-aarch64-apple-darwin-install_only_stripped.tar.gz"
provenance = "github-attestations"

[tools.python."platforms.macos-x64"]
checksum = "sha256:064731aded38b1a12909088d40d9e0e385dc989e38a1e1de9917610254194962"
url = "https://github.com/astral-sh/python-build-standalone/releases/download/20260610/cpython-3.13.14+20260610-x86_64-apple-darwin-install_only_stripped.tar.gz"
provenance = "github-attestations"

[tools.python."platforms.windows-x64"]
checksum = "blake3:7c1479230df325ef4670280a4e83bcff50cf897613e9e4107cddc4c9875360fa"
url = "https://github.com/astral-sh/python-build-standalone/releases/download/20260610/cpython-3.13.14+20260610-x86_64-pc-windows-msvc-install_only_stripped.tar.gz"
provenance = "github-attestations"

[[tools.upx]]
version = "5.2.0"
backend = "aqua:upx/upx"

[tools.upx."platforms.linux-arm64"]
checksum = "sha256:55d48a61e8ffd17152db871c855376cba7f08e830b37799d0947a16dff8ec36c"
url = "https://github.com/upx/upx/releases/download/v5.2.0/upx-5.2.0-arm64_linux.tar.xz"

[tools.upx."platforms.linux-arm64-musl"]
checksum = "sha256:55d48a61e8ffd17152db871c855376cba7f08e830b37799d0947a16dff8ec36c"
url = "https://github.com/upx/upx/releases/download/v5.2.0/upx-5.2.0-arm64_linux.tar.xz"

[tools.upx."platforms.linux-x64"]
checksum = "sha256:3db5d3294707439db97866feab8d75d800f028f48481a40547411824da4288a1"
url = "https://github.com/upx/upx/releases/download/v5.2.0/upx-5.2.0-amd64_linux.tar.xz"

[tools.upx."platforms.linux-x64-musl"]
checksum = "sha256:3db5d3294707439db97866feab8d75d800f028f48481a40547411824da4288a1"
url = "https://github.com/upx/upx/releases/download/v5.2.0/upx-5.2.0-amd64_linux.tar.xz"

[tools.upx."platforms.windows-x64"]
checksum = "sha256:b471ebf1b7f20f4a89150264ed9a008a2a5bfd247f3c6d1184a75bb59ca08f5d"
url = "https://github.com/upx/upx/releases/download/v5.2.0/upx-5.2.0-win64.zip"

[[tools.uv]]
version = "0.11.25"
backend = "aqua:astral-sh/uv"

[tools.uv."platforms.linux-arm64"]
checksum = "sha256:3d9c9a95f1868ff20ac880712f3a337d710ea4b65f135184b7a35635d1acbf84"
url = "https://github.com/astral-sh/uv/releases/download/0.11.25/uv-aarch64-unknown-linux-musl.tar.gz"
provenance = "github-attestations"

[tools.uv."platforms.linux-arm64-musl"]
checksum = "sha256:3d9c9a95f1868ff20ac880712f3a337d710ea4b65f135184b7a35635d1acbf84"
url = "https://github.com/astral-sh/uv/releases/download/0.11.25/uv-aarch64-unknown-linux-musl.tar.gz"
provenance = "github-attestations"

[tools.uv."platforms.linux-x64"]
checksum = "sha256:7195cfcc1785d0c559d4682ad9109f26664b8db4d828d42d66078ef454061891"
url = "https://github.com/astral-sh/uv/releases/download/0.11.25/uv-x86_64-unknown-linux-musl.tar.gz"
provenance = "github-attestations"

[tools.uv."platforms.linux-x64-musl"]
checksum = "sha256:7195cfcc1785d0c559d4682ad9109f26664b8db4d828d42d66078ef454061891"
url = "https://github.com/astral-sh/uv/releases/download/0.11.25/uv-x86_64-unknown-linux-musl.tar.gz"
provenance = "github-attestations"

[tools.uv."platforms.macos-arm64"]
checksum = "sha256:5fc334bb25d19806262efd1f6e7d380155c7e817d89bf426df4ba7ae873c9471"
url = "https://github.com/astral-sh/uv/releases/download/0.11.25/uv-aarch64-apple-darwin.tar.gz"
provenance = "github-attestations"

[tools.uv."platforms.macos-x64"]
checksum = "sha256:65ff85b33212f75d34d7c0f0724aba9a742c74f62559f67dc0d6c543dc2fc52f"
url = "https://github.com/astral-sh/uv/releases/download/0.11.25/uv-x86_64-apple-darwin.tar.gz"
provenance = "github-attestations"

[tools.uv."platforms.windows-x64"]
checksum = "sha256:15bfd1423b7eaa7aae949922d4712ebaac2bb44a81af64ab59bbe007090cb0d0"
url = "https://github.com/astral-sh/uv/releases/download/0.11.25/uv-x86_64-pc-windows-msvc.zip"
provenance = "github-attestations"
