version = 1
revision = 3
requires-python = ">=3.10.0"

[options]
exclude-newer = "2026-09-13T04:54:16.8832357Z"

[[package]]
name = "isort"
version = "9.0.1"
source = { registry = "https://pypi.tuna.tsinghua.edu.cn/simple/" }
dependencies = [
    { name = "mypy-extensions" },
]
sdist = { url = "https://pypi.tuna.tsinghua.edu.cn/packages/e6/43/067e17bfa10b6486b408d5294105ac894149a9abb94b338568b1f53a73c9/isort-9.0.1.tar.gz", hash = "sha256:ba23db109e3e93ef1999f7209a651214994cd807801addd16ac485982eb4edd7", size = 667724, upload-time = "2026-08-27T20:54:26.699Z" }
wheels = [
    { url = "https://pypi.tuna.tsinghua.edu.cn/packages/4a/b4/fb7ca366a5352410787d71d19c039895d30123f521d6abfcb72e67773833/isort-9.0.1-cp310-cp310-macosx_11_0_arm64.whl", hash = "sha256:2f41e40246742970db0227a2afb2d7da872bddd888826cf182c0916993fadb43", size = 1055175, upload-time = "2026-08-27T20:53:29.612Z" },
    { url = "https://pypi.tuna.tsinghua.edu.cn/packages/86/6f/4cf28199d975ffd99b9986cd07a57c224bfaa490d0f34a22c3ae3a6f86d0/isort-9.0.1-cp310-cp310-manylinux2014_x86_64.manylinux_2_17_x86_64.manylinux_2_28_x86_64.whl", hash = "sha256:98d48ad47f705ac7f046cfaab0a11320ed0b903243ccb850347229414a364d28", size = 1604147, upload-time = "2026-08-27T20:53:31.532Z" },
    { url = "https://pypi.tuna.tsinghua.edu.cn/packages/a8/72/1c58ce806fac5817e239795f452fba314b9f874823c8b7cf3b726194cf7f/isort-9.0.1-cp310-cp310-musllinux_1_2_x86_64.whl", hash = "sha256:c08b2989a16a46e97af652266ee8af617eb5b1bfa3195cc921cc0dc66b485d10", size = 1593153, upload-time = "2026-08-27T20:53:33.097Z" },
    { url = "https://pypi.tuna.tsinghua.edu.cn/packages/57/e3/03c082f9a643bfdebd7a930c8b8a4077284eccea64b8d974ec29cfb2f34a/isort-9.0.1-cp310-cp310-win_amd64.whl", hash = "sha256:77f4b984ab3badbbf2363c849b92465e0f69e8fc54d1a932c87532a559269397", size = 864045, upload-time = "2026-08-27T20:53:34.821Z" },
    { url = "https://pypi.tuna.tsinghua.edu.cn/packages/20/79/f73cc50a8749f17246372fe7d9398a8e0195cf5fb8b9955f59baa3c6e597/isort-9.0.1-cp311-cp311-macosx_11_0_arm64.whl", hash = "sha256:9dd4664ad009552bc4c9f464bd31190d0f04132412ee4d9392145fdf58d92127", size = 1039913, upload-time = "2026-08-27T20:53:36.244Z" },
    { url = "https://pypi.tuna.tsinghua.edu.cn/packages/b0/92/bf89a5b76464685256bdcc866705d5cd5a07de5babef02a4519af55cb3ca/isort-9.0.1-cp311-cp311-manylinux2014_x86_64.manylinux_2_17_x86_64.manylinux_2_28_x86_64.whl", hash = "sha256:fb7d55156a1f766a2b097165524f07be61ececa41a71ca33d24a00777f79a829", size = 1575299, upload-time = "2026-08-27T20:53:37.715Z" },
    { url = "https://pypi.tuna.tsinghua.edu.cn/packages/5f/23/e05939b0f1254488476929b998464ce69205f769de64beacaedeb47e1a45/isort-9.0.1-cp311-cp311-musllinux_1_2_x86_64.whl", hash = "sha256:771d5b7385292a0b2106229b792b8750954bbaf231e0475b1f53f1dd43e00936", size = 1559017, upload-time = "2026-08-27T20:53:39.161Z" },
    { url = "https://pypi.tuna.tsinghua.edu.cn/packages/f9/1f/f6a0c7d968322b23d248ec5ae3262bcae9ee57926cace0d1f99dfdb50b22/isort-9.0.1-cp311-cp311-win_amd64.whl", hash = "sha256:1878b5165b0db434c0c62373a81a111e1afffb373f20e57bd2020ebdbaa36808", size = 864877, upload-time = "2026-08-27T20:53:40.582Z" },
    { url = "https://pypi.tuna.tsinghua.edu.cn/packages/b1/bd/7221ab6fa6912487953334a9953dcc11816f8568e8d1fec07cda0bc01d87/isort-9.0.1-cp312-cp312-macosx_11_0_arm64.whl", hash = "sha256:c3ce022ccedf63aa5fc77bd0e926b8561a1476c9709d7cedf63abd7967772aac", size = 1045272, upload-time = "2026-08-27T20:53:42.378Z" },
    { url = "https://pypi.tuna.tsinghua.edu.cn/packages/65/3e/ef6f9247dd0b7faad0450883808c94b94f22fc254524b5b05b5c6c4f94b2/isort-9.0.1-cp312-cp312-manylinux2014_x86_64.manylinux_2_17_x86_64.manylinux_2_28_x86_64.whl", hash = "sha256:7a75d4c21d8b93345a2743b96cc75c6f085aa89ddbaadd6edd5e9765be12ab77", size = 1659645, upload-time = "2026-08-27T20:53:44.087Z" },
    { url = "https://pypi.tuna.tsinghua.edu.cn/packages/49/16/4f791073e6f91f8e9442ed7eb370886a0f0a52c9dadba540fcd24b4c2074/isort-9.0.1-cp312-cp312-musllinux_1_2_x86_64.whl", hash = "sha256:f6877ed17054eae153d686270678b11c1f6cb79433a1c07453140cccbaf7cc1d", size = 1649411, upload-time = "2026-08-27T20:53:45.597Z" },
    { url = "https://pypi.tuna.tsinghua.edu.cn/packages/1f/17/28a06514565129fbb225138045323fb2876aaf871cf77f5976e62e5624bc/isort-9.0.1-cp312-cp312-win_amd64.whl", hash = "sha256:182918b730772292d33564a6ac5b201ca2bb79a8ad2ac77e7681ecc0f19a8f84", size = 871297, upload-time = "2026-08-27T20:53:47.24Z" },
    { url = "https://pypi.tuna.tsinghua.edu.cn/packages/e1/65/aba682b6d0853de85f5bb5c18f0269d2980760783f5144dfcded6b8a1f14/isort-9.0.1-cp313-cp313-macosx_11_0_arm64.whl", hash = "sha256:67680927f739d4b48d67d8b7430faa92c95b02fb6075ca0351c6446214f6c7bb", size = 1021693, upload-time = "2026-08-27T20:53:48.792Z" },
    { url = "https://pypi.tuna.tsinghua.edu.cn/packages/d7/bb/7025f3606b42f7db084fa234d61462a73443af166ecf7c1a0e8e3b448433/isort-9.0.1-cp313-cp313-manylinux2014_x86_64.manylinux_2_17_x86_64.manylinux_2_28_x86_64.whl", hash = "sha256:3727eb33a9759649346481cf2a9287d656a170c31ed7c105856f9c6f5b539756", size = 1648575, upload-time = "2026-08-27T20:53:50.701Z" },
    { url = "https://pypi.tuna.tsinghua.edu.cn/packages/47/78/a92b09507565f8bd27eb72a7df3ba59a1ea0a5baacbf155c587d0be51a13/isort-9.0.1-cp313-cp313-musllinux_1_2_x86_64.whl", hash = "sha256:466b0c3f156a21c10edefba697e641666bc26ffb0122bf08b42caa3d464c20aa", size = 1639624, upload-time = "2026-08-27T20:53:52.22Z" },
    { url = "https://pypi.tuna.tsinghua.edu.cn/packages/52/ba/f5efd28563bc751792a7a1f64ae73db57dcbfa0563dc3e0cbbd825a48252/isort-9.0.1-cp313-cp313-pyemscripten_2025_0_wasm32.whl", hash = "sha256:5832683294dd61c59d00cd043a68d42f6ecd7dc7d04b73ac777f7f90a534d6ae", size = 457708, upload-time = "2026-08-27T20:53:53.837Z" },
    { url = "https://pypi.tuna.tsinghua.edu.cn/packages/53/d6/a776ea214de5403f038b182e1d5fd2211d0cee41f2c62ac9f2f9a0ecc463/isort-9.0.1-cp313-cp313-win_amd64.whl", hash = "sha256:7281cdf538f682b8d75fa44bcdad1b299036bbc440855f7d61412b3b85d5727d", size = 874790, upload-time = "2026-08-27T20:53:56.154Z" },
    { url = "https://pypi.tuna.tsinghua.edu.cn/packages/db/42/d75a674a7fcbbf4374cd358b8529535d3c59e0ab6acc164b6862acb95058/isort-9.0.1-cp314-cp314-macosx_11_0_arm64.whl", hash = "sha256:7ea5f505b152fedd2b990b39d8b76108a48b355da874025aad4982e8ceeb0f3d", size = 1020950, upload-time = "2026-08-27T20:53:57.744Z" },
    { url = "https://pypi.tuna.tsinghua.edu.cn/packages/2b/b6/04d74c7c42b9af1c0d47f34a79722dbbcff71bae3765c9250376ebd44ec5/isort-9.0.1-cp314-cp314-manylinux2014_x86_64.manylinux_2_17_x86_64.manylinux_2_28_x86_64.whl", hash = "sha256:873cf1b6371d41e2a74d57d7c0176d311822f0415441abf8251ad074c9fe4a66", size = 1653678, upload-time = "2026-08-27T20:53:59.292Z" },
    { url = "https://pypi.tuna.tsinghua.edu.cn/packages/53/6c/621969c0cde272b7a183484589cc9f28132775d78fd708c231fd292c7abd/isort-9.0.1-cp314-cp314-musllinux_1_2_x86_64.whl", hash = "sha256:99b7bc28b1f05f7e3267629043a99c6c479a750df3689327a10324e396827f94", size = 1645589, upload-time = "2026-08-27T20:54:00.911Z" },
    { url = "https://pypi.tuna.tsinghua.edu.cn/packages/8c/26/e3db1ae5d5fbe9e2dff0c6a0b2b9dda07a742ede20f8fbc7d78d5d73f472/isort-9.0.1-cp314-cp314-pyemscripten_2026_0_wasm32.whl", hash = "sha256:89ebbcdbdd9d66cc14909bbac36acb9db29f37325606113c9f270242f8a1f896", size = 457029, upload-time = "2026-08-27T20:54:02.551Z" },
    { url = "https://pypi.tuna.tsinghua.edu.cn/packages/b8/f2/b9cf816c8dfd5d9066b65a2f738f8d03fb0f6001bcffa3d436cfdbe1b421/isort-9.0.1-cp314-cp314-win_amd64.whl", hash = "sha256:2057236a764f31c78dac78f7343057621fcc2fd40461ce61061f34fd09066f46", size = 894580, upload-time = "2026-08-27T20:54:03.985Z" },
    { url = "https://pypi.tuna.tsinghua.edu.cn/packages/9b/d7/e5e9e477ff7ec9f75b4c07b25aef10814775200c1e90bc9acbb788def54a/isort-9.0.1-cp314-cp314t-macosx_11_0_arm64.whl", hash = "sha256:5e72a7063570f1d740f0284c7ae5739dc34c6a2d9f1049b13027a5bdadb56682", size = 1088685, upload-time = "2026-08-27T20:54:05.376Z" },
    { url = "https://pypi.tuna.tsinghua.edu.cn/packages/96/6f/915effa62cdcdc757bd0c567ee4d611c7a73ce7da097c820b3b2f340c2f7/isort-9.0.1-cp314-cp314t-manylinux2014_x86_64.manylinux_2_17_x86_64.manylinux_2_28_x86_64.whl", hash = "sha256:c2525606f62742fc4ed9f8ca89043b9522ac3e6f9c9892e6cb16f4870d937f38", size = 1863445, upload-time = "2026-08-27T20:54:06.851Z" },
    { url = "https://pypi.tuna.tsinghua.edu.cn/packages/e5/d4/af84d711cda084ddcb7a01a3d6a2608542c16ae7d418d99169b7deb775a4/isort-9.0.1-cp314-cp314t-musllinux_1_2_x86_64.whl", hash = "sha256:e3a2697ebcb54b51af4833de44447dbf31ddf081c5f163772092d21c0267483b", size = 1878639, upload-time = "2026-08-27T20:54:08.618Z" },
    { url = "https://pypi.tuna.tsinghua.edu.cn/packages/58/d0/d77ec7d1c648a0b92ea6a8da3591a342550404af98a338106278a872ea1a/isort-9.0.1-cp314-cp314t-win_amd64.whl", hash = "sha256:fd326823ddbe338357ba1823b7f96481d4421d54c83ebd43c92f1b51314a24ae", size = 919565, upload-time = "2026-08-27T20:54:10.094Z" },
    { url = "https://pypi.tuna.tsinghua.edu.cn/packages/72/d8/9963610d22fa55cbbd3c141a350f7011dd1023be9d3ba06212053c3639c6/isort-9.0.1-cp315-cp315-macosx_11_0_arm64.whl", hash = "sha256:5022b332ac91ccb39dc28bb206d5ae96ae7f8d45e710b072cb039b2fcda6602a", size = 1020254, upload-time = "2026-08-27T20:54:11.732Z" },
    { url = "https://pypi.tuna.tsinghua.edu.cn/packages/11/20/9f22f2574d94cc2b86f7c1764a186843ed19e7215666b57b10935335614f/isort-9.0.1-cp315-cp315-manylinux2014_x86_64.manylinux_2_17_x86_64.manylinux_2_28_x86_64.whl", hash = "sha256:930879e4cfab3264f1d7346abeec10726b5382dc4be9f4251c25ec7fa057926b", size = 1667500, upload-time = "2026-08-27T20:54:13.193Z" },
    { url = "https://pypi.tuna.tsinghua.edu.cn/packages/5e/4a/5a46b814d7fa49fc778e65a6703e4bb4d60149e01574afd7366b5ac7a1dc/isort-9.0.1-cp315-cp315-musllinux_1_2_x86_64.whl", hash = "sha256:825c05d2d63a1b9c608c352503c10b6411a3c6e12bcacc97b306774ee379786f", size = 1655914, upload-time = "2026-08-27T20:54:14.827Z" },
    { url = "https://pypi.tuna.tsinghua.edu.cn/packages/a7/09/b575e1837f3b182c97f937cf39cb55b3942f44dedfec4303403e4aa9bbd0/isort-9.0.1-cp315-cp315-pyemscripten_2026_5_wasm32.whl", hash = "sha256:cc9814ce2ee42c17007d822455e4db55e32e589808ecfc2665d51c848d0bb30a", size = 457120, upload-time = "2026-08-27T20:54:16.145Z" },
    { url = "https://pypi.tuna.tsinghua.edu.cn/packages/65/60/3c73139b71b7031caf54aa098bc589b18374533b5f96f31c541b36112896/isort-9.0.1-cp315-cp315-win_amd64.whl", hash = "sha256:1b8d6c836fb83232f5f4c1c037d332caf743bb24dca63167bad9174ae13e150e", size = 894525, upload-time = "2026-08-27T20:54:17.895Z" },
    { url = "https://pypi.tuna.tsinghua.edu.cn/packages/e5/27/5c17d4c8239a33a876f91e52426cc0d3fc75eb8438f34c40f403998057ac/isort-9.0.1-cp315-cp315t-macosx_11_0_arm64.whl", hash = "sha256:2fb33e0c0f9f87821acf6d82c83f0a0c7e54680fdf3fe4131409d2b95901f00a", size = 1088576, upload-time = "2026-08-27T20:54:19.599Z" },
    { url = "https://pypi.tuna.tsinghua.edu.cn/packages/32/9b/9e80dee125b3d1208fb89afa380cae6fdfac660ad682eb0139a8fd8d790a/isort-9.0.1-cp315-cp315t-manylinux2014_x86_64.manylinux_2_17_x86_64.manylinux_2_28_x86_64.whl", hash = "sha256:cdf765657edb2bcccbb1b20d26e710acbcb27379c0a407c6cb376e5619059a7b", size = 1853379, upload-time = "2026-08-27T20:54:21.119Z" },
    { url = "https://pypi.tuna.tsinghua.edu.cn/packages/34/43/f9f456c223ba34293ab28f736f00e26875b26913f24451e5a2938a8c4e02/isort-9.0.1-cp315-cp315t-musllinux_1_2_x86_64.whl", hash = "sha256:23d3b6657763f9be1b15bb9664b016abfce34849d6215a46a42af7945d4acd68", size = 1871162, upload-time = "2026-08-27T20:54:22.593Z" },
    { url = "https://pypi.tuna.tsinghua.edu.cn/packages/38/5c/17fedc2bee564bb13b50ed3cb2ce7d66dd8e09184fb45d7a263ebaaaa97e/isort-9.0.1-cp315-cp315t-win_amd64.whl", hash = "sha256:8f490acc182253d07071cc8255b57a281855e2e027b929a89eaa7c797f7b213e", size = 918269, upload-time = "2026-08-27T20:54:23.996Z" },
    { url = "https://pypi.tuna.tsinghua.edu.cn/packages/af/6e/4ec84f19b008864656b9f158bad006aa6346e754694aff47a7fa9ee65a19/isort-9.0.1-py3-none-any.whl", hash = "sha256:5aac7263b7a7f9f647f94fb6df2761ff5b60a7168eb492ff39dd30443207fa19", size = 103487, upload-time = "2026-08-27T20:54:25.395Z" },
]

[[package]]
name = "mise-pypi-tool-environment"
version = "0.0.0"
source = { virtual = "." }
dependencies = [
    { name = "isort" },
]

[package.metadata]
requires-dist = [{ name = "isort", specifier = "==9.0.1" }]

[[package]]
name = "mypy-extensions"
version = "1.1.0"
source = { registry = "https://pypi.tuna.tsinghua.edu.cn/simple/" }
sdist = { url = "https://pypi.tuna.tsinghua.edu.cn/packages/a2/6e/371856a3fb9d31ca8dac321cda606860fa4548858c0cc45d9d1d4ca2628b/mypy_extensions-1.1.0.tar.gz", hash = "sha256:52e68efc3284861e772bbcd66823fde5ae21fd2fdb51c62a211403730b916558", size = 6343, upload-time = "2025-04-22T14:54:24.164Z" }
wheels = [
    { url = "https://pypi.tuna.tsinghua.edu.cn/packages/79/7b/2c79738432f5c924bef5071f933bcc9efd0473bac3b4aa584a6f7c1c8df8/mypy_extensions-1.1.0-py3-none-any.whl", hash = "sha256:1be4cccdb0f2482337c4743e60421de3a356cd97508abadd57d47403e94f5505", size = 4963, upload-time = "2025-04-22T14:54:22.983Z" },
]
